
Microsoft Visual Studio Solution File, Format Version 12.00
# Visual Studio Version 17
VisualStudioVersion = 17.10.35013.160
MinimumVisualStudioVersion = 10.0.40219.1
Project("{FAE04EC0-301F-11D3-BF4B-00C04F79EFBC}") = "WcfServiceEx", "WcfServiceEx\WcfServiceEx.csproj", "{FEE581C1-101F-4266-8337-F5E86875A79A}"
EndProject
Project("{9A19103F-16F7-4668-BE54-9A1E7A4F7556}") = "WCFClient", "WCFClient\WCFClient.csproj", "{7B8C78F6-9136-4A1E-9B6F-D595591AB44C}"
EndProject
Project("{FAE04EC0-301F-11D3-BF4B-00C04F79EFBC}") = "SOLID", "..\SOLID\SOLID.csproj", "{BB171850-1BE2-4921-A109-173954B4F4D1}"
EndProject
Project("{2150E333-8FDC-42A3-9474-1A3956D46DE8}") = "Design Patterns", "Design Patterns", "{5B011854-5044-4C44-9174-4B3E9EE6EE20}"
	ProjectSection(SolutionItems) = preProject
		DesignPatterns.txt = DesignPatterns.txt
	EndProjectSection
EndProject
Project("{FAE04EC0-301F-11D3-BF4B-00C04F79EFBC}") = "SingletonDemo", "..\SingletonDemo\SingletonDemo.csproj", "{CE2961BC-863A-4A66-A558-855127D54BC6}"
EndProject
Project("{FAE04EC0-301F-11D3-BF4B-00C04F79EFBC}") = "FactoryDesignPattern", "..\FactoryDesignPattern\FactoryDesignPattern.csproj", "{6AFAB88A-0457-4567-A3E7-6A8953C53114}"
EndProject
Project("{9A19103F-16F7-4668-BE54-9A1E7A4F7556}") = "RepositoryPatternExample", "..\RepositoryPatternExample\RepositoryPatternExample.csproj", "{EE48430C-CAEB-4968-AAEE-0EE0FA8EB99C}"
EndProject
Project("{FAE04EC0-301F-11D3-BF4B-00C04F79EFBC}") = "AdapterPattern", "..\AdaoterPattern\AdapterPattern.csproj", "{15FB985F-6BC6-44E3-BF81-EB5F2D7A003F}"
EndProject
Project("{2150E333-8FDC-42A3-9474-1A3956D46DE8}") = "Multithreading", "Multithreading", "{4B50A428-6F47-46D2-B69E-EE2999E94ED5}"
	ProjectSection(SolutionItems) = preProject
		Multithreading.txt = Multithreading.txt
	EndProjectSection
EndProject
Project("{FAE04EC0-301F-11D3-BF4B-00C04F79EFBC}") = "Multithreading", "..\Multithreading\Multithreading.csproj", "{BF51F195-1410-4472-9DF6-34ABC6945798}"
EndProject
Project("{9A19103F-16F7-4668-BE54-9A1E7A4F7556}") = "Delegates", "..\Delegates\Delegates.csproj", "{CA510C3B-A4F2-476B-BCDE-021EFA6D1A54}"
EndProject
Project("{9A19103F-16F7-4668-BE54-9A1E7A4F7556}") = "UnitTest", "..\UnitTest\UnitTest.csproj", "{AD2B085F-2511-405E-A691-4E98BB0FEDF6}"
EndProject
Project("{FAE04EC0-301F-11D3-BF4B-00C04F79EFBC}") = "ArthematicOperations", "..\ArthematicOperations\ArthematicOperations.csproj", "{70197B6D-234C-45A1-BA3F-1D1A2DD15DE9}"
EndProject
Project("{9A19103F-16F7-4668-BE54-9A1E7A4F7556}") = "ZHandsOn", "..\HandsOn\ZHandsOn.csproj", "{BB23EE07-DD3A-45C5-A41B-2059469E234D}"
EndProject
Global
	GlobalSection(SolutionConfigurationPlatforms) = preSolution
		Debug|Any CPU = Debug|Any CPU
		Release|Any CPU = Release|Any CPU
	EndGlobalSection
	GlobalSection(ProjectConfigurationPlatforms) = postSolution
		{FEE581C1-101F-4266-8337-F5E86875A79A}.Debug|Any CPU.ActiveCfg = Debug|Any CPU
		{FEE581C1-101F-4266-8337-F5E86875A79A}.Debug|Any CPU.Build.0 = Debug|Any CPU
		{FEE581C1-101F-4266-8337-F5E86875A79A}.Release|Any CPU.ActiveCfg = Release|Any CPU
		{FEE581C1-101F-4266-8337-F5E86875A79A}.Release|Any CPU.Build.0 = Release|Any CPU
		{7B8C78F6-9136-4A1E-9B6F-D595591AB44C}.Debug|Any CPU.ActiveCfg = Debug|Any CPU
		{7B8C78F6-9136-4A1E-9B6F-D595591AB44C}.Debug|Any CPU.Build.0 = Debug|Any CPU
		{7B8C78F6-9136-4A1E-9B6F-D595591AB44C}.Release|Any CPU.ActiveCfg = Release|Any CPU
		{7B8C78F6-9136-4A1E-9B6F-D595591AB44C}.Release|Any CPU.Build.0 = Release|Any CPU
		{BB171850-1BE2-4921-A109-173954B4F4D1}.Debug|Any CPU.ActiveCfg = Debug|Any CPU
		{BB171850-1BE2-4921-A109-173954B4F4D1}.Debug|Any CPU.Build.0 = Debug|Any CPU
		{BB171850-1BE2-4921-A109-173954B4F4D1}.Release|Any CPU.ActiveCfg = Release|Any CPU
		{BB171850-1BE2-4921-A109-173954B4F4D1}.Release|Any CPU.Build.0 = Release|Any CPU
		{CE2961BC-863A-4A66-A558-855127D54BC6}.Debug|Any CPU.ActiveCfg = Debug|Any CPU
		{CE2961BC-863A-4A66-A558-855127D54BC6}.Debug|Any CPU.Build.0 = Debug|Any CPU
		{CE2961BC-863A-4A66-A558-855127D54BC6}.Release|Any CPU.ActiveCfg = Release|Any CPU
		{CE2961BC-863A-4A66-A558-855127D54BC6}.Release|Any CPU.Build.0 = Release|Any CPU
		{6AFAB88A-0457-4567-A3E7-6A8953C53114}.Debug|Any CPU.ActiveCfg = Debug|Any CPU
		{6AFAB88A-0457-4567-A3E7-6A8953C53114}.Debug|Any CPU.Build.0 = Debug|Any CPU
		{6AFAB88A-0457-4567-A3E7-6A8953C53114}.Release|Any CPU.ActiveCfg = Release|Any CPU
		{6AFAB88A-0457-4567-A3E7-6A8953C53114}.Release|Any CPU.Build.0 = Release|Any CPU
		{EE48430C-CAEB-4968-AAEE-0EE0FA8EB99C}.Debug|Any CPU.ActiveCfg = Debug|Any CPU
		{EE48430C-CAEB-4968-AAEE-0EE0FA8EB99C}.Debug|Any CPU.Build.0 = Debug|Any CPU
		{EE48430C-CAEB-4968-AAEE-0EE0FA8EB99C}.Release|Any CPU.ActiveCfg = Release|Any CPU
		{EE48430C-CAEB-4968-AAEE-0EE0FA8EB99C}.Release|Any CPU.Build.0 = Release|Any CPU
		{15FB985F-6BC6-44E3-BF81-EB5F2D7A003F}.Debug|Any CPU.ActiveCfg = Debug|Any CPU
		{15FB985F-6BC6-44E3-BF81-EB5F2D7A003F}.Debug|Any CPU.Build.0 = Debug|Any CPU
		{15FB985F-6BC6-44E3-BF81-EB5F2D7A003F}.Release|Any CPU.ActiveCfg = Release|Any CPU
		{15FB985F-6BC6-44E3-BF81-EB5F2D7A003F}.Release|Any CPU.Build.0 = Release|Any CPU
		{BF51F195-1410-4472-9DF6-34ABC6945798}.Debug|Any CPU.ActiveCfg = Debug|Any CPU
		{BF51F195-1410-4472-9DF6-34ABC6945798}.Debug|Any CPU.Build.0 = Debug|Any CPU
		{BF51F195-1410-4472-9DF6-34ABC6945798}.Release|Any CPU.ActiveCfg = Release|Any CPU
		{BF51F195-1410-4472-9DF6-34ABC6945798}.Release|Any CPU.Build.0 = Release|Any CPU
		{CA510C3B-A4F2-476B-BCDE-021EFA6D1A54}.Debug|Any CPU.ActiveCfg = Debug|Any CPU
		{CA510C3B-A4F2-476B-BCDE-021EFA6D1A54}.Debug|Any CPU.Build.0 = Debug|Any CPU
		{CA510C3B-A4F2-476B-BCDE-021EFA6D1A54}.Release|Any CPU.ActiveCfg = Release|Any CPU
		{CA510C3B-A4F2-476B-BCDE-021EFA6D1A54}.Release|Any CPU.Build.0 = Release|Any CPU
		{AD2B085F-2511-405E-A691-4E98BB0FEDF6}.Debug|Any CPU.ActiveCfg = Debug|Any CPU
		{AD2B085F-2511-405E-A691-4E98BB0FEDF6}.Debug|Any CPU.Build.0 = Debug|Any CPU
		{AD2B085F-2511-405E-A691-4E98BB0FEDF6}.Release|Any CPU.ActiveCfg = Release|Any CPU
		{AD2B085F-2511-405E-A691-4E98BB0FEDF6}.Release|Any CPU.Build.0 = Release|Any CPU
		{70197B6D-234C-45A1-BA3F-1D1A2DD15DE9}.Debug|Any CPU.ActiveCfg = Debug|Any CPU
		{70197B6D-234C-45A1-BA3F-1D1A2DD15DE9}.Debug|Any CPU.Build.0 = Debug|Any CPU
		{70197B6D-234C-45A1-BA3F-1D1A2DD15DE9}.Release|Any CPU.ActiveCfg = Release|Any CPU
		{70197B6D-234C-45A1-BA3F-1D1A2DD15DE9}.Release|Any CPU.Build.0 = Release|Any CPU
		{BB23EE07-DD3A-45C5-A41B-2059469E234D}.Debug|Any CPU.ActiveCfg = Debug|Any CPU
		{BB23EE07-DD3A-45C5-A41B-2059469E234D}.Debug|Any CPU.Build.0 = Debug|Any CPU
		{BB23EE07-DD3A-45C5-A41B-2059469E234D}.Release|Any CPU.ActiveCfg = Release|Any CPU
		{BB23EE07-DD3A-45C5-A41B-2059469E234D}.Release|Any CPU.Build.0 = Release|Any CPU
	EndGlobalSection
	GlobalSection(SolutionProperties) = preSolution
		HideSolutionNode = FALSE
	EndGlobalSection
	GlobalSection(NestedProjects) = preSolution
		{CE2961BC-863A-4A66-A558-855127D54BC6} = {5B011854-5044-4C44-9174-4B3E9EE6EE20}
		{6AFAB88A-0457-4567-A3E7-6A8953C53114} = {5B011854-5044-4C44-9174-4B3E9EE6EE20}
		{EE48430C-CAEB-4968-AAEE-0EE0FA8EB99C} = {5B011854-5044-4C44-9174-4B3E9EE6EE20}
		{15FB985F-6BC6-44E3-BF81-EB5F2D7A003F} = {5B011854-5044-4C44-9174-4B3E9EE6EE20}
		{BF51F195-1410-4472-9DF6-34ABC6945798} = {4B50A428-6F47-46D2-B69E-EE2999E94ED5}
	EndGlobalSection
	GlobalSection(ExtensibilityGlobals) = postSolution
		SolutionGuid = {BFA334F9-E0BD-459D-86A0-E97E4447C2E8}
	EndGlobalSection
EndGlobal
